
Microsoft Visual Studio Solution File, Format Version 12.00
# Visual Studio Version 16
VisualStudioVersion = 16.0.32413.511
MinimumVisualStudioVersion = 10.0.40219.1
Project("{FAE04EC0-301F-11D3-BF4B-00C04F79EFBC}") = "문자열", "문자열\문자열.csproj", "{A806F333-DA12-4E8B-AE7B-4AB1C682D4B1}"
EndProject
Global
	GlobalSection(SolutionConfigurationPlatforms) = preSolution
		Debug|Any CPU = Debug|Any CPU
		Release|Any CPU = Release|Any CPU
	EndGlobalSection
	GlobalSection(ProjectConfigurationPlatforms) = postSolution
		{A806F333-DA12-4E8B-AE7B-4AB1C682D4B1}.Debug|Any CPU.ActiveCfg = Debug|Any CPU
		{A806F333-DA12-4E8B-AE7B-4AB1C682D4B1}.Debug|Any CPU.Build.0 = Debug|Any CPU
		{A806F333-DA12-4E8B-AE7B-4AB1C682D4B1}.Release|Any CPU.ActiveCfg = Release|Any CPU
		{A806F333-DA12-4E8B-AE7B-4AB1C682D4B1}.Release|Any CPU.Build.0 = Release|Any CPU
	EndGlobalSection
	GlobalSection(SolutionProperties) = preSolution
		HideSolutionNode = FALSE
	EndGlobalSection
	GlobalSection(ExtensibilityGlobals) = postSolution
		SolutionGuid = {88F8C271-2CDB-4EF1-A722-9601C9A8AD9F}
	EndGlobalSection
EndGlobal
