
Microsoft Visual Studio Solution File, Format Version 12.00
# Visual Studio Version 16
VisualStudioVersion = 16.0.32413.511
MinimumVisualStudioVersion = 10.0.40219.1
Project("{FAE04EC0-301F-11D3-BF4B-00C04F79EFBC}") = "Boxing과_Unboxing", "Boxing과_Unboxing\Boxing과_Unboxing.csproj", "{0255C041-6A14-4E12-8703-72381E1360B4}"
EndProject
Global
	GlobalSection(SolutionConfigurationPlatforms) = preSolution
		Debug|Any CPU = Debug|Any CPU
		Release|Any CPU = Release|Any CPU
	EndGlobalSection
	GlobalSection(ProjectConfigurationPlatforms) = postSolution
		{0255C041-6A14-4E12-8703-72381E1360B4}.Debug|Any CPU.ActiveCfg = Debug|Any CPU
		{0255C041-6A14-4E12-8703-72381E1360B4}.Debug|Any CPU.Build.0 = Debug|Any CPU
		{0255C041-6A14-4E12-8703-72381E1360B4}.Release|Any CPU.ActiveCfg = Release|Any CPU
		{0255C041-6A14-4E12-8703-72381E1360B4}.Release|Any CPU.Build.0 = Release|Any CPU
	EndGlobalSection
	GlobalSection(SolutionProperties) = preSolution
		HideSolutionNode = FALSE
	EndGlobalSection
	GlobalSection(ExtensibilityGlobals) = postSolution
		SolutionGuid = {E50C6752-7F27-4F46-9A7F-C5C0370B74B1}
	EndGlobalSection
EndGlobal
