
Microsoft Visual Studio Solution File, Format Version 12.00
# Visual Studio Version 16
VisualStudioVersion = 16.0.32413.511
MinimumVisualStudioVersion = 10.0.40219.1
Project("{FAE04EC0-301F-11D3-BF4B-00C04F79EFBC}") = "연산자 중복 정의", "연산자 중복 정의\연산자 중복 정의.csproj", "{A3F69B47-C362-41A2-8FB1-4780AF8D2018}"
EndProject
Global
	GlobalSection(SolutionConfigurationPlatforms) = preSolution
		Debug|Any CPU = Debug|Any CPU
		Release|Any CPU = Release|Any CPU
	EndGlobalSection
	GlobalSection(ProjectConfigurationPlatforms) = postSolution
		{A3F69B47-C362-41A2-8FB1-4780AF8D2018}.Debug|Any CPU.ActiveCfg = Debug|Any CPU
		{A3F69B47-C362-41A2-8FB1-4780AF8D2018}.Debug|Any CPU.Build.0 = Debug|Any CPU
		{A3F69B47-C362-41A2-8FB1-4780AF8D2018}.Release|Any CPU.ActiveCfg = Release|Any CPU
		{A3F69B47-C362-41A2-8FB1-4780AF8D2018}.Release|Any CPU.Build.0 = Release|Any CPU
	EndGlobalSection
	GlobalSection(SolutionProperties) = preSolution
		HideSolutionNode = FALSE
	EndGlobalSection
	GlobalSection(ExtensibilityGlobals) = postSolution
		SolutionGuid = {0BBA464C-89D2-4EEE-96DD-205A1C82B3E3}
	EndGlobalSection
EndGlobal
