
Microsoft Visual Studio Solution File, Format Version 12.00
# Visual Studio Version 16
VisualStudioVersion = 16.0.32106.194
MinimumVisualStudioVersion = 10.0.40219.1
Project("{FAE04EC0-301F-11D3-BF4B-00C04F79EFBC}") = "001_HelloWorld", "001_HelloWorld\001_HelloWorld.csproj", "{1CB93BBE-A502-4B43-B419-ACD5E36718F7}"
EndProject
Project("{FAE04EC0-301F-11D3-BF4B-00C04F79EFBC}") = "002_HelloWorld2", "002_HelloWorld2\002_HelloWorld2.csproj", "{05419774-9D15-4D3B-BBD1-388B869B7D48}"
EndProject
Project("{FAE04EC0-301F-11D3-BF4B-00C04F79EFBC}") = "003_HelloWorld3", "003_HelloWorld3\003_HelloWorld3.csproj", "{A3FF8E9F-87A4-498F-AE0D-C2E0E7B56786}"
EndProject
Project("{FAE04EC0-301F-11D3-BF4B-00C04F79EFBC}") = "006_Variable", "006_Variable\006_Variable.csproj", "{CEBC5490-5371-4F5D-BB92-876D85F1A397}"
EndProject
Project("{FAE04EC0-301F-11D3-BF4B-00C04F79EFBC}") = "007_Variable2", "007_Variable2\007_Variable2.csproj", "{CF66E802-D6C5-4A58-AF21-26673705C4F6}"
EndProject
Project("{FAE04EC0-301F-11D3-BF4B-00C04F79EFBC}") = "008_Data1", "008_Data1\008_Data1.csproj", "{950AAB47-870C-46CC-880B-97D446BD3C67}"
EndProject
Project("{FAE04EC0-301F-11D3-BF4B-00C04F79EFBC}") = "009_Data2", "009_Data2\009_Data2.csproj", "{5DBCFB23-7999-4CF1-9694-93E816D633AD}"
EndProject
Project("{FAE04EC0-301F-11D3-BF4B-00C04F79EFBC}") = "010_Data3", "010_Data3\010_Data3.csproj", "{2498E2DC-1476-4A90-909B-7AD24A3B829B}"
EndProject
Project("{FAE04EC0-301F-11D3-BF4B-00C04F79EFBC}") = "011_Data4", "011_Data4\011_Data4.csproj", "{F5289025-913A-46BE-938B-02067208CCCF}"
EndProject
Project("{FAE04EC0-301F-11D3-BF4B-00C04F79EFBC}") = "012_Data5", "012_Data5\012_Data5.csproj", "{F88DD102-8718-44E4-9FA5-F1A13CCA9CD0}"
EndProject
Project("{FAE04EC0-301F-11D3-BF4B-00C04F79EFBC}") = "013_Data6", "013_Data6\013_Data6.csproj", "{66BD7685-B86A-4FCE-A178-50BDB7179A6A}"
EndProject
Project("{FAE04EC0-301F-11D3-BF4B-00C04F79EFBC}") = "014_Data7", "014_Data7\014_Data7.csproj", "{C5273675-F3A1-457F-816C-D5477790042C}"
EndProject
Project("{FAE04EC0-301F-11D3-BF4B-00C04F79EFBC}") = "015_Data8", "015_Data8\015_Data8.csproj", "{070FC678-2BF8-46AD-813F-4B781F8D2F3D}"
EndProject
Project("{FAE04EC0-301F-11D3-BF4B-00C04F79EFBC}") = "016_String", "016_String\016_String.csproj", "{8435A97D-1B46-4CC8-B787-A60CAA733D63}"
EndProject
Project("{FAE04EC0-301F-11D3-BF4B-00C04F79EFBC}") = "017_Data_bool", "017_Data_bool\017_Data_bool.csproj", "{60660404-9EE6-49C7-97D7-7C5D738B7DDB}"
EndProject
Project("{FAE04EC0-301F-11D3-BF4B-00C04F79EFBC}") = "018_Data_object", "018_Data_object\018_Data_object.csproj", "{5CE1D0B1-1714-4DED-A5DF-01B6AD881D96}"
EndProject
Project("{FAE04EC0-301F-11D3-BF4B-00C04F79EFBC}") = "019_Data_enum", "019_Data_enum\019_Data_enum.csproj", "{9B577E2E-EF10-4E34-9F87-6FF15C83B774}"
EndProject
Project("{FAE04EC0-301F-11D3-BF4B-00C04F79EFBC}") = "020_Data_enum2", "020_Data_enum2\020_Data_enum2.csproj", "{EE38BACC-2A8D-4C55-A15D-5632936231B6}"
EndProject
Project("{FAE04EC0-301F-11D3-BF4B-00C04F79EFBC}") = "021_Data_nullable", "021_Data_nullable\021_Data_nullable.csproj", "{958B3B7E-5768-4181-A082-6E30AC362E4D}"
EndProject
Project("{FAE04EC0-301F-11D3-BF4B-00C04F79EFBC}") = "022_Data_var", "022_Data_var\022_Data_var.csproj", "{D424897B-96F7-4093-B19B-F5ABACB846B0}"
EndProject
Project("{FAE04EC0-301F-11D3-BF4B-00C04F79EFBC}") = "023_Data_const", "023_Data_const\023_Data_const.csproj", "{B32C5774-F175-4833-AAF3-E834AEB1B842}"
EndProject
Project("{FAE04EC0-301F-11D3-BF4B-00C04F79EFBC}") = "024_Data_cast", "024_Data_cast\024_Data_cast.csproj", "{24394B90-FF4D-4653-AD65-52F1F7DCB1D9}"
EndProject
Global
	GlobalSection(SolutionConfigurationPlatforms) = preSolution
		Debug|Any CPU = Debug|Any CPU
		Release|Any CPU = Release|Any CPU
	EndGlobalSection
	GlobalSection(ProjectConfigurationPlatforms) = postSolution
		{1CB93BBE-A502-4B43-B419-ACD5E36718F7}.Debug|Any CPU.ActiveCfg = Debug|Any CPU
		{1CB93BBE-A502-4B43-B419-ACD5E36718F7}.Debug|Any CPU.Build.0 = Debug|Any CPU
		{1CB93BBE-A502-4B43-B419-ACD5E36718F7}.Release|Any CPU.ActiveCfg = Release|Any CPU
		{1CB93BBE-A502-4B43-B419-ACD5E36718F7}.Release|Any CPU.Build.0 = Release|Any CPU
		{05419774-9D15-4D3B-BBD1-388B869B7D48}.Debug|Any CPU.ActiveCfg = Debug|Any CPU
		{05419774-9D15-4D3B-BBD1-388B869B7D48}.Debug|Any CPU.Build.0 = Debug|Any CPU
		{05419774-9D15-4D3B-BBD1-388B869B7D48}.Release|Any CPU.ActiveCfg = Release|Any CPU
		{05419774-9D15-4D3B-BBD1-388B869B7D48}.Release|Any CPU.Build.0 = Release|Any CPU
		{A3FF8E9F-87A4-498F-AE0D-C2E0E7B56786}.Debug|Any CPU.ActiveCfg = Debug|Any CPU
		{A3FF8E9F-87A4-498F-AE0D-C2E0E7B56786}.Debug|Any CPU.Build.0 = Debug|Any CPU
		{A3FF8E9F-87A4-498F-AE0D-C2E0E7B56786}.Release|Any CPU.ActiveCfg = Release|Any CPU
		{A3FF8E9F-87A4-498F-AE0D-C2E0E7B56786}.Release|Any CPU.Build.0 = Release|Any CPU
		{CEBC5490-5371-4F5D-BB92-876D85F1A397}.Debug|Any CPU.ActiveCfg = Debug|Any CPU
		{CEBC5490-5371-4F5D-BB92-876D85F1A397}.Debug|Any CPU.Build.0 = Debug|Any CPU
		{CEBC5490-5371-4F5D-BB92-876D85F1A397}.Release|Any CPU.ActiveCfg = Release|Any CPU
		{CEBC5490-5371-4F5D-BB92-876D85F1A397}.Release|Any CPU.Build.0 = Release|Any CPU
		{CF66E802-D6C5-4A58-AF21-26673705C4F6}.Debug|Any CPU.ActiveCfg = Debug|Any CPU
		{CF66E802-D6C5-4A58-AF21-26673705C4F6}.Debug|Any CPU.Build.0 = Debug|Any CPU
		{CF66E802-D6C5-4A58-AF21-26673705C4F6}.Release|Any CPU.ActiveCfg = Release|Any CPU
		{CF66E802-D6C5-4A58-AF21-26673705C4F6}.Release|Any CPU.Build.0 = Release|Any CPU
		{950AAB47-870C-46CC-880B-97D446BD3C67}.Debug|Any CPU.ActiveCfg = Debug|Any CPU
		{950AAB47-870C-46CC-880B-97D446BD3C67}.Debug|Any CPU.Build.0 = Debug|Any CPU
		{950AAB47-870C-46CC-880B-97D446BD3C67}.Release|Any CPU.ActiveCfg = Release|Any CPU
		{950AAB47-870C-46CC-880B-97D446BD3C67}.Release|Any CPU.Build.0 = Release|Any CPU
		{5DBCFB23-7999-4CF1-9694-93E816D633AD}.Debug|Any CPU.ActiveCfg = Debug|Any CPU
		{5DBCFB23-7999-4CF1-9694-93E816D633AD}.Debug|Any CPU.Build.0 = Debug|Any CPU
		{5DBCFB23-7999-4CF1-9694-93E816D633AD}.Release|Any CPU.ActiveCfg = Release|Any CPU
		{5DBCFB23-7999-4CF1-9694-93E816D633AD}.Release|Any CPU.Build.0 = Release|Any CPU
		{2498E2DC-1476-4A90-909B-7AD24A3B829B}.Debug|Any CPU.ActiveCfg = Debug|Any CPU
		{2498E2DC-1476-4A90-909B-7AD24A3B829B}.Debug|Any CPU.Build.0 = Debug|Any CPU
		{2498E2DC-1476-4A90-909B-7AD24A3B829B}.Release|Any CPU.ActiveCfg = Release|Any CPU
		{2498E2DC-1476-4A90-909B-7AD24A3B829B}.Release|Any CPU.Build.0 = Release|Any CPU
		{F5289025-913A-46BE-938B-02067208CCCF}.Debug|Any CPU.ActiveCfg = Debug|Any CPU
		{F5289025-913A-46BE-938B-02067208CCCF}.Debug|Any CPU.Build.0 = Debug|Any CPU
		{F5289025-913A-46BE-938B-02067208CCCF}.Release|Any CPU.ActiveCfg = Release|Any CPU
		{F5289025-913A-46BE-938B-02067208CCCF}.Release|Any CPU.Build.0 = Release|Any CPU
		{F88DD102-8718-44E4-9FA5-F1A13CCA9CD0}.Debug|Any CPU.ActiveCfg = Debug|Any CPU
		{F88DD102-8718-44E4-9FA5-F1A13CCA9CD0}.Debug|Any CPU.Build.0 = Debug|Any CPU
		{F88DD102-8718-44E4-9FA5-F1A13CCA9CD0}.Release|Any CPU.ActiveCfg = Release|Any CPU
		{F88DD102-8718-44E4-9FA5-F1A13CCA9CD0}.Release|Any CPU.Build.0 = Release|Any CPU
		{66BD7685-B86A-4FCE-A178-50BDB7179A6A}.Debug|Any CPU.ActiveCfg = Debug|Any CPU
		{66BD7685-B86A-4FCE-A178-50BDB7179A6A}.Debug|Any CPU.Build.0 = Debug|Any CPU
		{66BD7685-B86A-4FCE-A178-50BDB7179A6A}.Release|Any CPU.ActiveCfg = Release|Any CPU
		{66BD7685-B86A-4FCE-A178-50BDB7179A6A}.Release|Any CPU.Build.0 = Release|Any CPU
		{C5273675-F3A1-457F-816C-D5477790042C}.Debug|Any CPU.ActiveCfg = Debug|Any CPU
		{C5273675-F3A1-457F-816C-D5477790042C}.Debug|Any CPU.Build.0 = Debug|Any CPU
		{C5273675-F3A1-457F-816C-D5477790042C}.Release|Any CPU.ActiveCfg = Release|Any CPU
		{C5273675-F3A1-457F-816C-D5477790042C}.Release|Any CPU.Build.0 = Release|Any CPU
		{070FC678-2BF8-46AD-813F-4B781F8D2F3D}.Debug|Any CPU.ActiveCfg = Debug|Any CPU
		{070FC678-2BF8-46AD-813F-4B781F8D2F3D}.Debug|Any CPU.Build.0 = Debug|Any CPU
		{070FC678-2BF8-46AD-813F-4B781F8D2F3D}.Release|Any CPU.ActiveCfg = Release|Any CPU
		{070FC678-2BF8-46AD-813F-4B781F8D2F3D}.Release|Any CPU.Build.0 = Release|Any CPU
		{8435A97D-1B46-4CC8-B787-A60CAA733D63}.Debug|Any CPU.ActiveCfg = Debug|Any CPU
		{8435A97D-1B46-4CC8-B787-A60CAA733D63}.Debug|Any CPU.Build.0 = Debug|Any CPU
		{8435A97D-1B46-4CC8-B787-A60CAA733D63}.Release|Any CPU.ActiveCfg = Release|Any CPU
		{8435A97D-1B46-4CC8-B787-A60CAA733D63}.Release|Any CPU.Build.0 = Release|Any CPU
		{60660404-9EE6-49C7-97D7-7C5D738B7DDB}.Debug|Any CPU.ActiveCfg = Debug|Any CPU
		{60660404-9EE6-49C7-97D7-7C5D738B7DDB}.Debug|Any CPU.Build.0 = Debug|Any CPU
		{60660404-9EE6-49C7-97D7-7C5D738B7DDB}.Release|Any CPU.ActiveCfg = Release|Any CPU
		{60660404-9EE6-49C7-97D7-7C5D738B7DDB}.Release|Any CPU.Build.0 = Release|Any CPU
		{5CE1D0B1-1714-4DED-A5DF-01B6AD881D96}.Debug|Any CPU.ActiveCfg = Debug|Any CPU
		{5CE1D0B1-1714-4DED-A5DF-01B6AD881D96}.Debug|Any CPU.Build.0 = Debug|Any CPU
		{5CE1D0B1-1714-4DED-A5DF-01B6AD881D96}.Release|Any CPU.ActiveCfg = Release|Any CPU
		{5CE1D0B1-1714-4DED-A5DF-01B6AD881D96}.Release|Any CPU.Build.0 = Release|Any CPU
		{9B577E2E-EF10-4E34-9F87-6FF15C83B774}.Debug|Any CPU.ActiveCfg = Debug|Any CPU
		{9B577E2E-EF10-4E34-9F87-6FF15C83B774}.Debug|Any CPU.Build.0 = Debug|Any CPU
		{9B577E2E-EF10-4E34-9F87-6FF15C83B774}.Release|Any CPU.ActiveCfg = Release|Any CPU
		{9B577E2E-EF10-4E34-9F87-6FF15C83B774}.Release|Any CPU.Build.0 = Release|Any CPU
		{EE38BACC-2A8D-4C55-A15D-5632936231B6}.Debug|Any CPU.ActiveCfg = Debug|Any CPU
		{EE38BACC-2A8D-4C55-A15D-5632936231B6}.Debug|Any CPU.Build.0 = Debug|Any CPU
		{EE38BACC-2A8D-4C55-A15D-5632936231B6}.Release|Any CPU.ActiveCfg = Release|Any CPU
		{EE38BACC-2A8D-4C55-A15D-5632936231B6}.Release|Any CPU.Build.0 = Release|Any CPU
		{958B3B7E-5768-4181-A082-6E30AC362E4D}.Debug|Any CPU.ActiveCfg = Debug|Any CPU
		{958B3B7E-5768-4181-A082-6E30AC362E4D}.Debug|Any CPU.Build.0 = Debug|Any CPU
		{958B3B7E-5768-4181-A082-6E30AC362E4D}.Release|Any CPU.ActiveCfg = Release|Any CPU
		{958B3B7E-5768-4181-A082-6E30AC362E4D}.Release|Any CPU.Build.0 = Release|Any CPU
		{D424897B-96F7-4093-B19B-F5ABACB846B0}.Debug|Any CPU.ActiveCfg = Debug|Any CPU
		{D424897B-96F7-4093-B19B-F5ABACB846B0}.Debug|Any CPU.Build.0 = Debug|Any CPU
		{D424897B-96F7-4093-B19B-F5ABACB846B0}.Release|Any CPU.ActiveCfg = Release|Any CPU
		{D424897B-96F7-4093-B19B-F5ABACB846B0}.Release|Any CPU.Build.0 = Release|Any CPU
		{B32C5774-F175-4833-AAF3-E834AEB1B842}.Debug|Any CPU.ActiveCfg = Debug|Any CPU
		{B32C5774-F175-4833-AAF3-E834AEB1B842}.Debug|Any CPU.Build.0 = Debug|Any CPU
		{B32C5774-F175-4833-AAF3-E834AEB1B842}.Release|Any CPU.ActiveCfg = Release|Any CPU
		{B32C5774-F175-4833-AAF3-E834AEB1B842}.Release|Any CPU.Build.0 = Release|Any CPU
		{24394B90-FF4D-4653-AD65-52F1F7DCB1D9}.Debug|Any CPU.ActiveCfg = Debug|Any CPU
		{24394B90-FF4D-4653-AD65-52F1F7DCB1D9}.Debug|Any CPU.Build.0 = Debug|Any CPU
		{24394B90-FF4D-4653-AD65-52F1F7DCB1D9}.Release|Any CPU.ActiveCfg = Release|Any CPU
		{24394B90-FF4D-4653-AD65-52F1F7DCB1D9}.Release|Any CPU.Build.0 = Release|Any CPU
	EndGlobalSection
	GlobalSection(SolutionProperties) = preSolution
		HideSolutionNode = FALSE
	EndGlobalSection
	GlobalSection(ExtensibilityGlobals) = postSolution
		SolutionGuid = {4BDCE217-80CF-4F7C-9D53-846C2D631295}
	EndGlobalSection
EndGlobal
